
Microsoft Visual Studio Solution File, Format Version 12.00
# Visual Studio Version 17
VisualStudioVersion = 17.9.34902.65
MinimumVisualStudioVersion = 10.0.40219.1
Project("{FAE04EC0-301F-11D3-BF4B-00C04F79EFBC}") = "TokenProvider", "TokenProvider\TokenProvider.csproj", "{F9AE1A3B-2294-4F53-AFB4-461E0AFA853E}"
EndProject
Project("{FAE04EC0-301F-11D3-BF4B-00C04F79EFBC}") = "TokenProvider.Infrastructure", "TokenProvider.Infrastructure\TokenProvider.Infrastructure.csproj", "{A3224BF8-3F5A-49B4-8291-0A3385E288F8}"
EndProject
Global
	GlobalSection(SolutionConfigurationPlatforms) = preSolution
		Debug|Any CPU = Debug|Any CPU
		Release|Any CPU = Release|Any CPU
	EndGlobalSection
	GlobalSection(ProjectConfigurationPlatforms) = postSolution
		{F9AE1A3B-2294-4F53-AFB4-461E0AFA853E}.Debug|Any CPU.ActiveCfg = Debug|Any CPU
		{F9AE1A3B-2294-4F53-AFB4-461E0AFA853E}.Debug|Any CPU.Build.0 = Debug|Any CPU
		{F9AE1A3B-2294-4F53-AFB4-461E0AFA853E}.Release|Any CPU.ActiveCfg = Release|Any CPU
		{F9AE1A3B-2294-4F53-AFB4-461E0AFA853E}.Release|Any CPU.Build.0 = Release|Any CPU
		{A3224BF8-3F5A-49B4-8291-0A3385E288F8}.Debug|Any CPU.ActiveCfg = Debug|Any CPU
		{A3224BF8-3F5A-49B4-8291-0A3385E288F8}.Debug|Any CPU.Build.0 = Debug|Any CPU
		{A3224BF8-3F5A-49B4-8291-0A3385E288F8}.Release|Any CPU.ActiveCfg = Release|Any CPU
		{A3224BF8-3F5A-49B4-8291-0A3385E288F8}.Release|Any CPU.Build.0 = Release|Any CPU
	EndGlobalSection
	GlobalSection(SolutionProperties) = preSolution
		HideSolutionNode = FALSE
	EndGlobalSection
	GlobalSection(ExtensibilityGlobals) = postSolution
		SolutionGuid = {E57F221F-7CD5-441E-843A-F309E8BCE6CB}
	EndGlobalSection
EndGlobal
